<?xml version="1.0" encoding="utf-8"?>
<Project ToolsVersion="4.0" xmlns="http://schemas.microsoft.com/developer/msbuild/2003">
  <ItemGroup>
    <Filter Include="シェーダーファイル">
      <UniqueIdentifier>{bc1e42f0-122d-46b1-a338-714348fc5dd6}</UniqueIdentifier>
    </Filter>
    <Filter Include="シェーダーファイル\ObjectShader">
      <UniqueIdentifier>{78ccf803-7177-4cab-a087-938d06a0ac6c}</UniqueIdentifier>
    </Filter>
    <Filter Include="シェーダーファイル\ParticleShader">
      <UniqueIdentifier>{bda91ee7-7701-4d5f-959e-1daede1b3947}</UniqueIdentifier>
    </Filter>
    <Filter Include="シェーダーファイル\SpriteShader">
      <UniqueIdentifier>{5a593820-27eb-4b01-901a-177b843d937c}</UniqueIdentifier>
    </Filter>
    <Filter Include="ソース&amp;ヘッダーファイル">
      <UniqueIdentifier>{3667c94b-0bee-4699-b6d3-862f2b6794f5}</UniqueIdentifier>
    </Filter>
    <Filter Include="ソース&amp;ヘッダーファイル\WinApp">
      <UniqueIdentifier>{8c5ccaaa-6912-432e-a301-4e9a3f032beb}</UniqueIdentifier>
    </Filter>
    <Filter Include="ソース&amp;ヘッダーファイル\2D">
      <UniqueIdentifier>{64959e26-10b5-4238-b6de-4cb4f632c621}</UniqueIdentifier>
    </Filter>
    <Filter Include="ソース&amp;ヘッダーファイル\3D">
      <UniqueIdentifier>{5b1fc15c-b2c4-4ed4-8aa9-bb1c48138d50}</UniqueIdentifier>
    </Filter>
    <Filter Include="ソース&amp;ヘッダーファイル\Audio">
      <UniqueIdentifier>{ad7143b8-9804-47d9-b9d6-5a4915d6a27c}</UniqueIdentifier>
    </Filter>
    <Filter Include="ソース&amp;ヘッダーファイル\Base">
      <UniqueIdentifier>{c23b63d0-8c9c-4ca2-a89d-5314117daddc}</UniqueIdentifier>
    </Filter>
    <Filter Include="ソース&amp;ヘッダーファイル\Camera">
      <UniqueIdentifier>{6524ad39-69e6-4db8-9525-dca7ce069669}</UniqueIdentifier>
    </Filter>
    <Filter Include="ソース&amp;ヘッダーファイル\Collision">
      <UniqueIdentifier>{d9091e8c-4bbb-40ec-859a-a8ad07591e98}</UniqueIdentifier>
    </Filter>
    <Filter Include="ソース&amp;ヘッダーファイル\DebugText">
      <UniqueIdentifier>{8d007385-c15a-43b1-90de-7ffcff132ba3}</UniqueIdentifier>
    </Filter>
    <Filter Include="ソース&amp;ヘッダーファイル\DirectXCommon">
      <UniqueIdentifier>{08b49d2f-9537-4a23-baa2-bed04c0261fc}</UniqueIdentifier>
    </Filter>
    <Filter Include="ソース&amp;ヘッダーファイル\Input">
      <UniqueIdentifier>{c54a6cf0-3f99-47bb-b3c9-56f853f9f8d7}</UniqueIdentifier>
    </Filter>
    <Filter Include="ソース&amp;ヘッダーファイル\Particle">
      <UniqueIdentifier>{6d060861-cb8e-4e49-933a-ef3b6fe04466}</UniqueIdentifier>
    </Filter>
    <Filter Include="ソース&amp;ヘッダーファイル\Scene">
      <UniqueIdentifier>{f566e345-a1ca-4949-bac1-c7de535404ab}</UniqueIdentifier>
    </Filter>
  </ItemGroup>
  <ItemGroup>
    <ClCompile Include="Audio\Audio.cpp">
      <Filter>ソース&amp;ヘッダーファイル\Audio</Filter>
    </ClCompile>
    <ClCompile Include="Camera\Camera.cpp">
      <Filter>ソース&amp;ヘッダーファイル\Camera</Filter>
    </ClCompile>
    <ClCompile Include="Collision\Collision.cpp">
      <Filter>ソース&amp;ヘッダーファイル\Collision</Filter>
    </ClCompile>
    <ClCompile Include="Collision\CollisionPrimitive.cpp">
      <Filter>ソース&amp;ヘッダーファイル\Collision</Filter>
    </ClCompile>
    <ClCompile Include="DebugText\DebugText.cpp">
      <Filter>ソース&amp;ヘッダーファイル\DebugText</Filter>
    </ClCompile>
    <ClCompile Include="DirectXCommon\DirectXCommon.cpp">
      <Filter>ソース&amp;ヘッダーファイル\DirectXCommon</Filter>
    </ClCompile>
    <ClCompile Include="Base\FrameWork.cpp">
      <Filter>ソース&amp;ヘッダーファイル\Scene</Filter>
    </ClCompile>
    <ClCompile Include="Input\Input.cpp">
      <Filter>ソース&amp;ヘッダーファイル\Input</Filter>
    </ClCompile>
    <ClCompile Include="3D\Object3d.cpp">
      <Filter>ソース&amp;ヘッダーファイル\3D</Filter>
    </ClCompile>
    <ClCompile Include="Model\Model.cpp">
      <Filter>ソース&amp;ヘッダーファイル\3D</Filter>
    </ClCompile>
    <ClCompile Include="Base\OnoGame.cpp">
      <Filter>ソース&amp;ヘッダーファイル\Base</Filter>
    </ClCompile>
    <ClCompile Include="Particle\ParticleManager.cpp">
      <Filter>ソース&amp;ヘッダーファイル\Particle</Filter>
    </ClCompile>
    <ClCompile Include="2D\Sprite.cpp">
      <Filter>ソース&amp;ヘッダーファイル\2D</Filter>
    </ClCompile>
    <ClCompile Include="Window\WinApp.cpp">
      <Filter>ソース&amp;ヘッダーファイル\WinApp</Filter>
    </ClCompile>
    <ClCompile Include="Scene\GamePlayScene.cpp">
      <Filter>ソース&amp;ヘッダーファイル\Scene</Filter>
    </ClCompile>
    <ClCompile Include="main.cpp">
      <Filter>ソース&amp;ヘッダーファイル\Base</Filter>
    </ClCompile>
    <ClCompile Include="Scene\TitleScene.cpp">
      <Filter>ソース&amp;ヘッダーファイル\Scene</Filter>
    </ClCompile>
    <ClCompile Include="Scene\SceneManager.cpp">
      <Filter>ソース&amp;ヘッダーファイル\Scene</Filter>
    </ClCompile>
    <ClCompile Include="Scene\BaseScene.cpp">
      <Filter>ソース&amp;ヘッダーファイル\Scene</Filter>
    </ClCompile>
  </ItemGroup>
  <ItemGroup>
    <ClInclude Include="Camera\Camera.h">
      <Filter>ソース&amp;ヘッダーファイル\Camera</Filter>
    </ClInclude>
    <ClInclude Include="3D\Object3d.h">
      <Filter>ソース&amp;ヘッダーファイル\3D</Filter>
    </ClInclude>
    <ClInclude Include="Model\Model.h">
      <Filter>ソース&amp;ヘッダーファイル\3D</Filter>
    </ClInclude>
    <ClInclude Include="lib\SafeDelete.h">
      <Filter>ソース&amp;ヘッダーファイル\Base</Filter>
    </ClInclude>
    <ClInclude Include="Base\OnoGame.h">
      <Filter>ソース&amp;ヘッダーファイル\Base</Filter>
    </ClInclude>
    <ClInclude Include="Collision\CollisionPrimitive.h">
      <Filter>ソース&amp;ヘッダーファイル\Collision</Filter>
    </ClInclude>
    <ClInclude Include="Collision\Collision.h">
      <Filter>ソース&amp;ヘッダーファイル\Collision</Filter>
    </ClInclude>
    <ClInclude Include="DebugText\DebugText.h">
      <Filter>ソース&amp;ヘッダーファイル\DebugText</Filter>
    </ClInclude>
    <ClInclude Include="DirectXCommon\DirectXCommon.h">
      <Filter>ソース&amp;ヘッダーファイル\DirectXCommon</Filter>
    </ClInclude>
    <ClInclude Include="Input\Input.h">
      <Filter>ソース&amp;ヘッダーファイル\Input</Filter>
    </ClInclude>
    <ClInclude Include="Particle\ParticleManager.h">
      <Filter>ソース&amp;ヘッダーファイル\Particle</Filter>
    </ClInclude>
    <ClInclude Include="2D\Sprite.h">
      <Filter>ソース&amp;ヘッダーファイル\2D</Filter>
    </ClInclude>
    <ClInclude Include="Base\FrameWork.h">
      <Filter>ソース&amp;ヘッダーファイル\Scene</Filter>
    </ClInclude>
    <ClInclude Include="Window\WinApp.h">
      <Filter>ソース&amp;ヘッダーファイル\WinApp</Filter>
    </ClInclude>
    <ClInclude Include="Audio\Audio.h">
      <Filter>ソース&amp;ヘッダーファイル\Audio</Filter>
    </ClInclude>
    <ClInclude Include="Scene\GamePlayScene.h">
      <Filter>ソース&amp;ヘッダーファイル\Scene</Filter>
    </ClInclude>
    <ClInclude Include="Scene\TitleScene.h">
      <Filter>ソース&amp;ヘッダーファイル\Scene</Filter>
    </ClInclude>
    <ClInclude Include="Scene\BaseScene.h">
      <Filter>ソース&amp;ヘッダーファイル\Scene</Filter>
    </ClInclude>
    <ClInclude Include="Scene\SceneManager.h">
      <Filter>ソース&amp;ヘッダーファイル\Scene</Filter>
    </ClInclude>
    <ClInclude Include="InputList.h">
      <Filter>ソース&amp;ヘッダーファイル\Input</Filter>
    </ClInclude>
  </ItemGroup>
  <ItemGroup>
    <FxCompile Include="Resources\Shaders\OBJPixelShader.hlsl">
      <Filter>シェーダーファイル\ObjectShader</Filter>
    </FxCompile>
    <FxCompile Include="Resources\Shaders\OBJVertexShader.hlsl">
      <Filter>シェーダーファイル\ObjectShader</Filter>
    </FxCompile>
    <FxCompile Include="Resources\Shaders\ParticleGS.hlsl">
      <Filter>シェーダーファイル\ParticleShader</Filter>
    </FxCompile>
    <FxCompile Include="Resources\Shaders\ParticleVS.hlsl">
      <Filter>シェーダーファイル\ParticleShader</Filter>
    </FxCompile>
    <FxCompile Include="Resources\Shaders\ParticlePS.hlsl">
      <Filter>シェーダーファイル\ParticleShader</Filter>
    </FxCompile>
    <FxCompile Include="Resources\Shaders\SpritePS.hlsl">
      <Filter>シェーダーファイル\SpriteShader</Filter>
    </FxCompile>
    <FxCompile Include="Resources\Shaders\SpriteVS.hlsl">
      <Filter>シェーダーファイル\SpriteShader</Filter>
    </FxCompile>
  </ItemGroup>
  <ItemGroup>
    <None Include="Resources\Shaders\OBJShaderHeader.hlsli">
      <Filter>シェーダーファイル\ObjectShader</Filter>
    </None>
    <None Include="Resources\Shaders\Particle.hlsli">
      <Filter>シェーダーファイル\ParticleShader</Filter>
    </None>
    <None Include="Resources\Shaders\Sprite.hlsli">
      <Filter>シェーダーファイル\SpriteShader</Filter>
    </None>
  </ItemGroup>
</Project>