<?xml version="1.0" encoding="utf-8"?>
<Project ToolsVersion="4.0" xmlns="http://schemas.microsoft.com/developer/msbuild/2003">
  <ItemGroup>
    <FxCompile Include="Resources\Shaders\ADSPixelShader.hlsl">
      <Filter>シェーダーファイル\OBJ\ADS</Filter>
    </FxCompile>
    <FxCompile Include="Resources\Shaders\ADSVertexShader.hlsl">
      <Filter>シェーダーファイル\OBJ\ADS</Filter>
    </FxCompile>
    <FxCompile Include="Resources\Shaders\ParticleGS.hlsl">
      <Filter>シェーダーファイル\Particle</Filter>
    </FxCompile>
    <FxCompile Include="Resources\Shaders\ParticlePS.hlsl">
      <Filter>シェーダーファイル\Particle</Filter>
    </FxCompile>
    <FxCompile Include="Resources\Shaders\ParticleVS.hlsl">
      <Filter>シェーダーファイル\Particle</Filter>
    </FxCompile>
    <FxCompile Include="Resources\Shaders\TextureBlendPixelShader.hlsl">
      <Filter>シェーダーファイル\OBJ\Blend</Filter>
    </FxCompile>
    <FxCompile Include="Resources\Shaders\TextureBlendVertexShader.hlsl">
      <Filter>シェーダーファイル\OBJ\Blend</Filter>
    </FxCompile>
    <FxCompile Include="Resources\Shaders\MonochromaticVertexShader.hlsl">
      <Filter>シェーダーファイル\OBJ\Mono</Filter>
    </FxCompile>
    <FxCompile Include="Resources\Shaders\MonochromaticPixelShader.hlsl">
      <Filter>シェーダーファイル\OBJ\Mono</Filter>
    </FxCompile>
    <FxCompile Include="Resources\Shaders\SpecularMapPixelShader.hlsl">
      <Filter>シェーダーファイル\OBJ\Specular</Filter>
    </FxCompile>
    <FxCompile Include="Resources\Shaders\SpecularMapVertexShader.hlsl">
      <Filter>シェーダーファイル\OBJ\Specular</Filter>
    </FxCompile>
    <FxCompile Include="Resources\Shaders\FBXPixelShader.hlsl">
      <Filter>シェーダーファイル\FBX</Filter>
    </FxCompile>
    <FxCompile Include="Resources\Shaders\FBXVertexShader.hlsl">
      <Filter>シェーダーファイル\FBX</Filter>
    </FxCompile>
    <FxCompile Include="Resources\Shaders\PostEffectPS.hlsl">
      <Filter>シェーダーファイル\PostEffect</Filter>
    </FxCompile>
    <FxCompile Include="Resources\Shaders\PostEffectVS.hlsl">
      <Filter>シェーダーファイル\PostEffect</Filter>
    </FxCompile>
    <FxCompile Include="Resources\Shaders\SpriteVS.hlsl">
      <Filter>シェーダーファイル\Sprite</Filter>
    </FxCompile>
    <FxCompile Include="Resources\Shaders\SpritePS.hlsl">
      <Filter>シェーダーファイル\Sprite</Filter>
    </FxCompile>
    <FxCompile Include="Resources\Shaders\ToonVertexShader.hlsl">
      <Filter>シェーダーファイル\OBJ\Toon</Filter>
    </FxCompile>
    <FxCompile Include="Resources\Shaders\ToonPixelShader.hlsl">
      <Filter>シェーダーファイル\OBJ\Toon</Filter>
    </FxCompile>
  </ItemGroup>
  <ItemGroup>
    <ClCompile Include="Scene\GamePlayScene.cpp">
      <Filter>ソース&amp;ヘッダーファイル\Scene</Filter>
    </ClCompile>
    <ClCompile Include="Scene\SceneFactory.cpp">
      <Filter>ソース&amp;ヘッダーファイル\Scene</Filter>
    </ClCompile>
    <ClCompile Include="Scene\SceneManager.cpp">
      <Filter>ソース&amp;ヘッダーファイル\Scene</Filter>
    </ClCompile>
    <ClCompile Include="Scene\TitleScene.cpp">
      <Filter>ソース&amp;ヘッダーファイル\Scene</Filter>
    </ClCompile>
    <ClCompile Include="Audio\Audio.cpp">
      <Filter>ソース&amp;ヘッダーファイル\Audio</Filter>
    </ClCompile>
    <ClCompile Include="Camera\Camera.cpp">
      <Filter>ソース&amp;ヘッダーファイル\Camera</Filter>
    </ClCompile>
    <ClCompile Include="Collision\Collision.cpp">
      <Filter>ソース&amp;ヘッダーファイル\Collider</Filter>
    </ClCompile>
    <ClCompile Include="Collision\CollisionPrimitive.cpp">
      <Filter>ソース&amp;ヘッダーファイル\Collider</Filter>
    </ClCompile>
    <ClCompile Include="DebugText\DebugText.cpp">
      <Filter>ソース&amp;ヘッダーファイル\DebugText</Filter>
    </ClCompile>
    <ClCompile Include="DirectXCommon\DirectXCommon.cpp">
      <Filter>ソース&amp;ヘッダーファイル\DirectXCommon</Filter>
    </ClCompile>
    <ClCompile Include="3D\FbxLoader.cpp">
      <Filter>ソース&amp;ヘッダーファイル\3D\FBX</Filter>
    </ClCompile>
    <ClCompile Include="3D\FbxModel.cpp">
      <Filter>ソース&amp;ヘッダーファイル\3D\FBX</Filter>
    </ClCompile>
    <ClCompile Include="3D\FbxModelMesh.cpp">
      <Filter>ソース&amp;ヘッダーファイル\3D\FBX</Filter>
    </ClCompile>
    <ClCompile Include="3D\FbxObject3d.cpp">
      <Filter>ソース&amp;ヘッダーファイル\3D\FBX</Filter>
    </ClCompile>
    <ClCompile Include="Base\FrameWork.cpp">
      <Filter>ソース&amp;ヘッダーファイル\Base</Filter>
    </ClCompile>
    <ClCompile Include="Input\Input.cpp">
      <Filter>ソース&amp;ヘッダーファイル\Input</Filter>
    </ClCompile>
    <ClCompile Include="Light\Light.cpp">
      <Filter>ソース&amp;ヘッダーファイル\Light</Filter>
    </ClCompile>
    <ClCompile Include="Light\LightGroup.cpp">
      <Filter>ソース&amp;ヘッダーファイル\Light</Filter>
    </ClCompile>
    <ClCompile Include="main.cpp">
      <Filter>ソース&amp;ヘッダーファイル\Base</Filter>
    </ClCompile>
    <ClCompile Include="3D\Model.cpp">
      <Filter>ソース&amp;ヘッダーファイル\3D\OBJ</Filter>
    </ClCompile>
    <ClCompile Include="3D\Object3d.cpp">
      <Filter>ソース&amp;ヘッダーファイル\3D\OBJ</Filter>
    </ClCompile>
    <ClCompile Include="Base\OnoGame.cpp">
      <Filter>ソース&amp;ヘッダーファイル\Base</Filter>
    </ClCompile>
    <ClCompile Include="Effect\PostEffect.cpp">
      <Filter>ソース&amp;ヘッダーファイル\Effect\PostEffect</Filter>
    </ClCompile>
    <ClCompile Include="Effect\ParticleManager.cpp">
      <Filter>ソース&amp;ヘッダーファイル\Effect\Particle</Filter>
    </ClCompile>
    <ClCompile Include="2D\Sprite.cpp">
      <Filter>ソース&amp;ヘッダーファイル\2D</Filter>
    </ClCompile>
    <ClCompile Include="Window\WinApp.cpp">
      <Filter>ソース&amp;ヘッダーファイル\WinApp</Filter>
    </ClCompile>
    <ClCompile Include="DirectXCommon\PipelineManager.cpp">
      <Filter>ソース&amp;ヘッダーファイル\DirectXCommon</Filter>
    </ClCompile>
    <ClCompile Include="Bullet.cpp">
      <Filter>ソース&amp;ヘッダーファイル\Game</Filter>
    </ClCompile>
    <ClCompile Include="Enemy.cpp">
      <Filter>ソース&amp;ヘッダーファイル\Game</Filter>
    </ClCompile>
    <ClCompile Include="Player.cpp">
      <Filter>ソース&amp;ヘッダーファイル\Game</Filter>
    </ClCompile>
    <ClCompile Include="EndScene.cpp">
      <Filter>ソース&amp;ヘッダーファイル\Scene</Filter>
    </ClCompile>
  </ItemGroup>
  <ItemGroup>
    <ClInclude Include="Scene\AbstractSceneFactory.h">
      <Filter>ソース&amp;ヘッダーファイル\Scene</Filter>
    </ClInclude>
    <ClInclude Include="Scene\GamePlayScene.h">
      <Filter>ソース&amp;ヘッダーファイル\Scene</Filter>
    </ClInclude>
    <ClInclude Include="Scene\SceneFactory.h">
      <Filter>ソース&amp;ヘッダーファイル\Scene</Filter>
    </ClInclude>
    <ClInclude Include="Scene\SceneManager.h">
      <Filter>ソース&amp;ヘッダーファイル\Scene</Filter>
    </ClInclude>
    <ClInclude Include="Scene\TitleScene.h">
      <Filter>ソース&amp;ヘッダーファイル\Scene</Filter>
    </ClInclude>
    <ClInclude Include="Audio\Audio.h">
      <Filter>ソース&amp;ヘッダーファイル\Audio</Filter>
    </ClInclude>
    <ClInclude Include="Scene\BaseScene.h">
      <Filter>ソース&amp;ヘッダーファイル\Scene</Filter>
    </ClInclude>
    <ClInclude Include="Camera\Camera.h">
      <Filter>ソース&amp;ヘッダーファイル\Camera</Filter>
    </ClInclude>
    <ClInclude Include="Collision\BaseCollider.h">
      <Filter>ソース&amp;ヘッダーファイル\Collider</Filter>
    </ClInclude>
    <ClInclude Include="Collision\Collision.h">
      <Filter>ソース&amp;ヘッダーファイル\Collider</Filter>
    </ClInclude>
    <ClInclude Include="Collision\CollisionInfo.h">
      <Filter>ソース&amp;ヘッダーファイル\Collider</Filter>
    </ClInclude>
    <ClInclude Include="Collision\CollisionPrimitive.h">
      <Filter>ソース&amp;ヘッダーファイル\Collider</Filter>
    </ClInclude>
    <ClInclude Include="Collision\CollisionType.h">
      <Filter>ソース&amp;ヘッダーファイル\Collider</Filter>
    </ClInclude>
    <ClInclude Include="DebugText\DebugText.h">
      <Filter>ソース&amp;ヘッダーファイル\DebugText</Filter>
    </ClInclude>
    <ClInclude Include="DirectXCommon\DirectXCommon.h">
      <Filter>ソース&amp;ヘッダーファイル\DirectXCommon</Filter>
    </ClInclude>
    <ClInclude Include="3D\FbxLoader.h">
      <Filter>ソース&amp;ヘッダーファイル\3D\FBX</Filter>
    </ClInclude>
    <ClInclude Include="3D\FbxModel.h">
      <Filter>ソース&amp;ヘッダーファイル\3D\FBX</Filter>
    </ClInclude>
    <ClInclude Include="3D\FbxModelMesh.h">
      <Filter>ソース&amp;ヘッダーファイル\3D\FBX</Filter>
    </ClInclude>
    <ClInclude Include="3D\FbxObject3d.h">
      <Filter>ソース&amp;ヘッダーファイル\3D\FBX</Filter>
    </ClInclude>
    <ClInclude Include="Base\FrameWork.h">
      <Filter>ソース&amp;ヘッダーファイル\Base</Filter>
    </ClInclude>
    <ClInclude Include="Input\Input.h">
      <Filter>ソース&amp;ヘッダーファイル\Input</Filter>
    </ClInclude>
    <ClInclude Include="Input\InputList.h">
      <Filter>ソース&amp;ヘッダーファイル\Input</Filter>
    </ClInclude>
    <ClInclude Include="Light\Light.h">
      <Filter>ソース&amp;ヘッダーファイル\Light</Filter>
    </ClInclude>
    <ClInclude Include="Light\LightGroup.h">
      <Filter>ソース&amp;ヘッダーファイル\Light</Filter>
    </ClInclude>
    <ClInclude Include="3D\Object3d.h">
      <Filter>ソース&amp;ヘッダーファイル\3D\OBJ</Filter>
    </ClInclude>
    <ClInclude Include="3D\Model.h">
      <Filter>ソース&amp;ヘッダーファイル\3D\OBJ</Filter>
    </ClInclude>
    <ClInclude Include="Base\OnoGame.h">
      <Filter>ソース&amp;ヘッダーファイル\Base</Filter>
    </ClInclude>
    <ClInclude Include="Light\PointLight.h">
      <Filter>ソース&amp;ヘッダーファイル\Light</Filter>
    </ClInclude>
    <ClInclude Include="Effect\PostEffect.h">
      <Filter>ソース&amp;ヘッダーファイル\Effect\PostEffect</Filter>
    </ClInclude>
    <ClInclude Include="Effect\ParticleManager.h">
      <Filter>ソース&amp;ヘッダーファイル\Effect\Particle</Filter>
    </ClInclude>
    <ClInclude Include="lib\SafeDelete.h">
      <Filter>ソース&amp;ヘッダーファイル\Lib</Filter>
    </ClInclude>
    <ClInclude Include="2D\Sprite.h">
      <Filter>ソース&amp;ヘッダーファイル\2D</Filter>
    </ClInclude>
    <ClInclude Include="Window\WinApp.h">
      <Filter>ソース&amp;ヘッダーファイル\WinApp</Filter>
    </ClInclude>
    <ClInclude Include="DirectXCommon\PipelineManager.h">
      <Filter>ソース&amp;ヘッダーファイル\DirectXCommon</Filter>
    </ClInclude>
    <ClInclude Include="Bullet.h">
      <Filter>ソース&amp;ヘッダーファイル\Game</Filter>
    </ClInclude>
    <ClInclude Include="Enemy.h">
      <Filter>ソース&amp;ヘッダーファイル\Game</Filter>
    </ClInclude>
    <ClInclude Include="Measurement.h">
      <Filter>ソース&amp;ヘッダーファイル\Lib</Filter>
    </ClInclude>
    <ClInclude Include="Player.h">
      <Filter>ソース&amp;ヘッダーファイル\Game</Filter>
    </ClInclude>
    <ClInclude Include="EndScene.h">
      <Filter>ソース&amp;ヘッダーファイル\Scene</Filter>
    </ClInclude>
  </ItemGroup>
  <ItemGroup>
    <None Include="Resources\Shaders\ADSShaderHeader.hlsli">
      <Filter>シェーダーファイル\OBJ\ADS</Filter>
    </None>
    <None Include="Resources\Shaders\Particle.hlsli">
      <Filter>シェーダーファイル\Particle</Filter>
    </None>
    <None Include="Resources\Shaders\TextureBlendShaderHeader.hlsli">
      <Filter>シェーダーファイル\OBJ\Blend</Filter>
    </None>
    <None Include="Resources\Shaders\MonochromaticShaderHeader.hlsli">
      <Filter>シェーダーファイル\OBJ\Mono</Filter>
    </None>
    <None Include="Resources\Shaders\SpecularMapShaderHeader.hlsli">
      <Filter>シェーダーファイル\OBJ\Specular</Filter>
    </None>
    <None Include="Resources\Shaders\FBXShaderHeader.hlsli">
      <Filter>シェーダーファイル\FBX</Filter>
    </None>
    <None Include="Resources\Shaders\PostEffect.hlsli">
      <Filter>シェーダーファイル\PostEffect</Filter>
    </None>
    <None Include="Resources\Shaders\Sprite.hlsli">
      <Filter>シェーダーファイル\Sprite</Filter>
    </None>
    <None Include="Resources\Shaders\ToonShaderHeader.hlsli">
      <Filter>シェーダーファイル\OBJ\Toon</Filter>
    </None>
  </ItemGroup>
  <ItemGroup>
    <Filter Include="シェーダーファイル">
      <UniqueIdentifier>{f1ed29a7-4da2-4a57-870a-66620b69e7d9}</UniqueIdentifier>
    </Filter>
    <Filter Include="シェーダーファイル\OBJ">
      <UniqueIdentifier>{2a7a071f-ab24-4f0b-951c-844f01cad71f}</UniqueIdentifier>
    </Filter>
    <Filter Include="シェーダーファイル\OBJ\Blend">
      <UniqueIdentifier>{e490d1f6-1a94-48e6-94c0-b2725d55d6ea}</UniqueIdentifier>
    </Filter>
    <Filter Include="シェーダーファイル\OBJ\ADS">
      <UniqueIdentifier>{b91f9cad-478a-4a67-9cd4-8b14177f6f68}</UniqueIdentifier>
    </Filter>
    <Filter Include="シェーダーファイル\OBJ\Mono">
      <UniqueIdentifier>{cc2bae82-4efc-436c-8b5e-5af498d1897f}</UniqueIdentifier>
    </Filter>
    <Filter Include="シェーダーファイル\OBJ\Specular">
      <UniqueIdentifier>{2d0685f5-a273-487d-a03d-0507f5210d62}</UniqueIdentifier>
    </Filter>
    <Filter Include="シェーダーファイル\OBJ\Toon">
      <UniqueIdentifier>{ee927d29-a633-4fc1-9b75-4654848b8a13}</UniqueIdentifier>
    </Filter>
    <Filter Include="シェーダーファイル\FBX">
      <UniqueIdentifier>{15e8d7ea-a78c-485d-95ac-f13f4870d5c2}</UniqueIdentifier>
    </Filter>
    <Filter Include="シェーダーファイル\Particle">
      <UniqueIdentifier>{9aae4642-5e23-4090-89a1-bc721a536bd5}</UniqueIdentifier>
    </Filter>
    <Filter Include="シェーダーファイル\PostEffect">
      <UniqueIdentifier>{4db143d7-3bbc-4176-8d7a-2fadcb8b2a07}</UniqueIdentifier>
    </Filter>
    <Filter Include="シェーダーファイル\Sprite">
      <UniqueIdentifier>{d2c0d6e0-432b-4613-adce-0cd24b8449d2}</UniqueIdentifier>
    </Filter>
    <Filter Include="ソース&amp;ヘッダーファイル">
      <UniqueIdentifier>{8a703090-6917-4e22-a13b-ca90b509ede5}</UniqueIdentifier>
    </Filter>
    <Filter Include="ソース&amp;ヘッダーファイル\Scene">
      <UniqueIdentifier>{cbb2e0b5-e76d-4f0c-9ad9-212ee357db70}</UniqueIdentifier>
    </Filter>
    <Filter Include="ソース&amp;ヘッダーファイル\Audio">
      <UniqueIdentifier>{6b875654-4799-4c91-8810-fc7f48a59090}</UniqueIdentifier>
    </Filter>
    <Filter Include="ソース&amp;ヘッダーファイル\Base">
      <UniqueIdentifier>{e4d599a1-35d2-420a-95df-1910847ac501}</UniqueIdentifier>
    </Filter>
    <Filter Include="ソース&amp;ヘッダーファイル\Camera">
      <UniqueIdentifier>{a0929829-eac7-401c-9daf-cae4120cc593}</UniqueIdentifier>
    </Filter>
    <Filter Include="ソース&amp;ヘッダーファイル\Collider">
      <UniqueIdentifier>{5c0bb312-13e6-4c1b-bcbd-993e9664f9b0}</UniqueIdentifier>
    </Filter>
    <Filter Include="ソース&amp;ヘッダーファイル\DebugText">
      <UniqueIdentifier>{a33b78ed-496f-4d25-8c06-c268798456b5}</UniqueIdentifier>
    </Filter>
    <Filter Include="ソース&amp;ヘッダーファイル\DirectXCommon">
      <UniqueIdentifier>{7a54bba2-1bd2-4646-8b35-81e5378f41e5}</UniqueIdentifier>
    </Filter>
    <Filter Include="ソース&amp;ヘッダーファイル\3D">
      <UniqueIdentifier>{53786ecc-95f2-492c-9e68-16b61f50f015}</UniqueIdentifier>
    </Filter>
    <Filter Include="ソース&amp;ヘッダーファイル\3D\OBJ">
      <UniqueIdentifier>{8970d6d9-fe86-4c19-babe-3ebb5afb9e5b}</UniqueIdentifier>
    </Filter>
    <Filter Include="ソース&amp;ヘッダーファイル\3D\FBX">
      <UniqueIdentifier>{84c8e693-c27c-40c0-8c5b-92cecd1fbb0b}</UniqueIdentifier>
    </Filter>
    <Filter Include="ソース&amp;ヘッダーファイル\Input">
      <UniqueIdentifier>{bb8eaeec-da6d-47d3-b58e-c97897d04760}</UniqueIdentifier>
    </Filter>
    <Filter Include="ソース&amp;ヘッダーファイル\Light">
      <UniqueIdentifier>{19ae4b0c-28ad-4fa9-a2a2-9a52499b985e}</UniqueIdentifier>
    </Filter>
    <Filter Include="ソース&amp;ヘッダーファイル\Effect">
      <UniqueIdentifier>{b0f16ef7-11f8-4892-8caa-c61806aead38}</UniqueIdentifier>
    </Filter>
    <Filter Include="ソース&amp;ヘッダーファイル\Effect\Particle">
      <UniqueIdentifier>{b2322500-0dc3-423c-b0dd-cb422c9b8ad7}</UniqueIdentifier>
    </Filter>
    <Filter Include="ソース&amp;ヘッダーファイル\Effect\PostEffect">
      <UniqueIdentifier>{13c96dff-664c-4672-8e32-2802e6e00a35}</UniqueIdentifier>
    </Filter>
    <Filter Include="ソース&amp;ヘッダーファイル\Lib">
      <UniqueIdentifier>{b3e31a27-6383-45e8-8171-c8581c8a4b6a}</UniqueIdentifier>
    </Filter>
    <Filter Include="ソース&amp;ヘッダーファイル\2D">
      <UniqueIdentifier>{d2980944-2f52-4fc0-b2a7-f7f78eb8261e}</UniqueIdentifier>
    </Filter>
    <Filter Include="ソース&amp;ヘッダーファイル\WinApp">
      <UniqueIdentifier>{0e6d700b-159b-4ccd-ae16-30d1bc0aa065}</UniqueIdentifier>
    </Filter>
    <Filter Include="ソース&amp;ヘッダーファイル\Game">
      <UniqueIdentifier>{656f5c88-606f-4bba-8ab1-b3f568c9a443}</UniqueIdentifier>
    </Filter>
  </ItemGroup>
</Project>